
Microsoft Visual Studio Solution File, Format Version 12.00
# Visual Studio Version 16
VisualStudioVersion = 16.0.30711.63
MinimumVisualStudioVersion = 10.0.40219.1
Project("{FAE04EC0-301F-11D3-BF4B-00C04F79EFBC}") = "StockCombatAI", "StockCombatAI\StockCombatAI.csproj", "{66FF76BD-863B-4401-9DD1-5F3BD312A93C}"
EndProject
Global
	GlobalSection(SolutionConfigurationPlatforms) = preSolution
		Debug|Any CPU = Debug|Any CPU
		Release|Any CPU = Release|Any CPU
	EndGlobalSection
	GlobalSection(ProjectConfigurationPlatforms) = postSolution
		{66FF76BD-863B-4401-9DD1-5F3BD312A93C}.Debug|Any CPU.ActiveCfg = Debug|Any CPU
		{66FF76BD-863B-4401-9DD1-5F3BD312A93C}.Debug|Any CPU.Build.0 = Debug|Any CPU
		{66FF76BD-863B-4401-9DD1-5F3BD312A93C}.Release|Any CPU.ActiveCfg = Release|Any CPU
		{66FF76BD-863B-4401-9DD1-5F3BD312A93C}.Release|Any CPU.Build.0 = Release|Any CPU
	EndGlobalSection
	GlobalSection(SolutionProperties) = preSolution
		HideSolutionNode = FALSE
	EndGlobalSection
	GlobalSection(ExtensibilityGlobals) = postSolution
		SolutionGuid = {DC9D6B4F-7122-4C2B-A0C6-D209B567270E}
	EndGlobalSection
EndGlobal
